
Microsoft Visual Studio Solution File, Format Version 12.00
# TcXaeShell Solution File, Format Version 11.00
VisualStudioVersion = 15.0.33403.129
MinimumVisualStudioVersion = 10.0.40219.1
Project("{B1E792BE-AA5F-4E3C-8C82-674BF9C0715B}") = "IotMqttSampleAzureIotHub", "IotMqttSampleAzureIotHub\IotMqttSampleAzureIotHub.tsproj", "{AA6B9F2B-7C4B-4B8E-898E-9F3284B309C7}"
EndProject
Global
	GlobalSection(SolutionConfigurationPlatforms) = preSolution
		Debug|TwinCAT CE7 (ARMV7) = Debug|TwinCAT CE7 (ARMV7)
		Debug|TwinCAT OS (ARMT2) = Debug|TwinCAT OS (ARMT2)
		Debug|TwinCAT RT (x64) = Debug|TwinCAT RT (x64)
		Debug|TwinCAT RT (x86) = Debug|TwinCAT RT (x86)
		Release|TwinCAT CE7 (ARMV7) = Release|TwinCAT CE7 (ARMV7)
		Release|TwinCAT OS (ARMT2) = Release|TwinCAT OS (ARMT2)
		Release|TwinCAT RT (x64) = Release|TwinCAT RT (x64)
		Release|TwinCAT RT (x86) = Release|TwinCAT RT (x86)
	EndGlobalSection
	GlobalSection(ProjectConfigurationPlatforms) = postSolution
		{AA6B9F2B-7C4B-4B8E-898E-9F3284B309C7}.Debug|TwinCAT CE7 (ARMV7).ActiveCfg = Debug|TwinCAT CE7 (ARMV7)
		{AA6B9F2B-7C4B-4B8E-898E-9F3284B309C7}.Debug|TwinCAT CE7 (ARMV7).Build.0 = Debug|TwinCAT CE7 (ARMV7)
		{AA6B9F2B-7C4B-4B8E-898E-9F3284B309C7}.Debug|TwinCAT OS (ARMT2).ActiveCfg = Debug|TwinCAT RT (x86)
		{AA6B9F2B-7C4B-4B8E-898E-9F3284B309C7}.Debug|TwinCAT RT (x64).ActiveCfg = Debug|TwinCAT RT (x64)
		{AA6B9F2B-7C4B-4B8E-898E-9F3284B309C7}.Debug|TwinCAT RT (x64).Build.0 = Debug|TwinCAT RT (x64)
		{AA6B9F2B-7C4B-4B8E-898E-9F3284B309C7}.Debug|TwinCAT RT (x86).ActiveCfg = Debug|TwinCAT RT (x86)
		{AA6B9F2B-7C4B-4B8E-898E-9F3284B309C7}.Debug|TwinCAT RT (x86).Build.0 = Debug|TwinCAT RT (x86)
		{AA6B9F2B-7C4B-4B8E-898E-9F3284B309C7}.Release|TwinCAT CE7 (ARMV7).ActiveCfg = Release|TwinCAT CE7 (ARMV7)
		{AA6B9F2B-7C4B-4B8E-898E-9F3284B309C7}.Release|TwinCAT CE7 (ARMV7).Build.0 = Release|TwinCAT CE7 (ARMV7)
		{AA6B9F2B-7C4B-4B8E-898E-9F3284B309C7}.Release|TwinCAT OS (ARMT2).ActiveCfg = Release|TwinCAT RT (x86)
		{AA6B9F2B-7C4B-4B8E-898E-9F3284B309C7}.Release|TwinCAT RT (x64).ActiveCfg = Release|TwinCAT RT (x64)
		{AA6B9F2B-7C4B-4B8E-898E-9F3284B309C7}.Release|TwinCAT RT (x64).Build.0 = Release|TwinCAT RT (x64)
		{AA6B9F2B-7C4B-4B8E-898E-9F3284B309C7}.Release|TwinCAT RT (x86).ActiveCfg = Release|TwinCAT RT (x86)
		{AA6B9F2B-7C4B-4B8E-898E-9F3284B309C7}.Release|TwinCAT RT (x86).Build.0 = Release|TwinCAT RT (x86)
		{EACDB616-EF91-40C2-911D-22B2E4934765}.Debug|TwinCAT CE7 (ARMV7).ActiveCfg = Debug|TwinCAT CE7 (ARMV7)
		{EACDB616-EF91-40C2-911D-22B2E4934765}.Debug|TwinCAT CE7 (ARMV7).Build.0 = Debug|TwinCAT CE7 (ARMV7)
		{EACDB616-EF91-40C2-911D-22B2E4934765}.Debug|TwinCAT OS (ARMT2).ActiveCfg = Debug|TwinCAT RT (x86)
		{EACDB616-EF91-40C2-911D-22B2E4934765}.Debug|TwinCAT RT (x64).ActiveCfg = Debug|TwinCAT RT (x64)
		{EACDB616-EF91-40C2-911D-22B2E4934765}.Debug|TwinCAT RT (x64).Build.0 = Debug|TwinCAT RT (x64)
		{EACDB616-EF91-40C2-911D-22B2E4934765}.Debug|TwinCAT RT (x86).ActiveCfg = Debug|TwinCAT RT (x86)
		{EACDB616-EF91-40C2-911D-22B2E4934765}.Debug|TwinCAT RT (x86).Build.0 = Debug|TwinCAT RT (x86)
		{EACDB616-EF91-40C2-911D-22B2E4934765}.Release|TwinCAT CE7 (ARMV7).ActiveCfg = Release|TwinCAT CE7 (ARMV7)
		{EACDB616-EF91-40C2-911D-22B2E4934765}.Release|TwinCAT CE7 (ARMV7).Build.0 = Release|TwinCAT CE7 (ARMV7)
		{EACDB616-EF91-40C2-911D-22B2E4934765}.Release|TwinCAT OS (ARMT2).ActiveCfg = Release|TwinCAT RT (x86)
		{EACDB616-EF91-40C2-911D-22B2E4934765}.Release|TwinCAT RT (x64).ActiveCfg = Release|TwinCAT RT (x64)
		{EACDB616-EF91-40C2-911D-22B2E4934765}.Release|TwinCAT RT (x64).Build.0 = Release|TwinCAT RT (x64)
		{EACDB616-EF91-40C2-911D-22B2E4934765}.Release|TwinCAT RT (x86).ActiveCfg = Release|TwinCAT RT (x86)
		{EACDB616-EF91-40C2-911D-22B2E4934765}.Release|TwinCAT RT (x86).Build.0 = Release|TwinCAT RT (x86)
	EndGlobalSection
	GlobalSection(SolutionProperties) = preSolution
		HideSolutionNode = FALSE
	EndGlobalSection
	GlobalSection(ExtensibilityGlobals) = postSolution
		SolutionGuid = {070C5513-58F0-4C0E-B4C0-2C81AF544276}
	EndGlobalSection
EndGlobal
