
Microsoft Visual Studio Solution File, Format Version 12.00
# Visual Studio 2013
VisualStudioVersion = 12.0.40629.0
MinimumVisualStudioVersion = 10.0.40219.1
Project("{B1E792BE-AA5F-4E3C-8C82-674BF9C0715B}") = "IotBase_Test", "IotBase_Test\IotBase_Test.tsproj", "{A9AE56F4-3A8E-4F8D-8B28-0DB94A0668BD}"
EndProject
Global
	GlobalSection(TeamFoundationVersionControl) = preSolution
		SccNumberOfProjects = 3
		SccEnterpriseProvider = {4CA58AB2-18FA-4F8D-95D4-32DDF27D184C}
		SccTeamFoundationServer = http://nt-teamfd02:8080/tfs/defaultcollection
		SccLocalPath0 = .
		SccProjectUniqueName1 = IotBase_Test\\IotBase_Test.tsproj
		SccProjectName1 = IotBase_Test
		SccLocalPath1 = IotBase_Test
		SccProjectUniqueName2 = IotBase_Test\\PLC_IotBase_Test\\PLC_IotBase_Test.plcproj
		SccProjectTopLevelParentUniqueName2 = IotBase_Test\\IotBase_Test.tsproj
		SccProjectName2 = IotBase_Test/PLC_IotBase_Test
		SccLocalPath2 = IotBase_Test\\PLC_IotBase_Test
	EndGlobalSection
	GlobalSection(SolutionConfigurationPlatforms) = preSolution
		Debug|TwinCAT CE7 (ARMV7) = Debug|TwinCAT CE7 (ARMV7)
		Debug|TwinCAT RT (x64) = Debug|TwinCAT RT (x64)
		Debug|TwinCAT RT (x86) = Debug|TwinCAT RT (x86)
		Release|TwinCAT CE7 (ARMV7) = Release|TwinCAT CE7 (ARMV7)
		Release|TwinCAT RT (x64) = Release|TwinCAT RT (x64)
		Release|TwinCAT RT (x86) = Release|TwinCAT RT (x86)
	EndGlobalSection
	GlobalSection(ProjectConfigurationPlatforms) = postSolution
		{A9AE56F4-3A8E-4F8D-8B28-0DB94A0668BD}.Debug|TwinCAT CE7 (ARMV7).ActiveCfg = Debug|TwinCAT CE7 (ARMV7)
		{A9AE56F4-3A8E-4F8D-8B28-0DB94A0668BD}.Debug|TwinCAT CE7 (ARMV7).Build.0 = Debug|TwinCAT CE7 (ARMV7)
		{A9AE56F4-3A8E-4F8D-8B28-0DB94A0668BD}.Debug|TwinCAT RT (x64).ActiveCfg = Debug|TwinCAT RT (x64)
		{A9AE56F4-3A8E-4F8D-8B28-0DB94A0668BD}.Debug|TwinCAT RT (x64).Build.0 = Debug|TwinCAT RT (x64)
		{A9AE56F4-3A8E-4F8D-8B28-0DB94A0668BD}.Debug|TwinCAT RT (x86).ActiveCfg = Debug|TwinCAT RT (x86)
		{A9AE56F4-3A8E-4F8D-8B28-0DB94A0668BD}.Debug|TwinCAT RT (x86).Build.0 = Debug|TwinCAT RT (x86)
		{A9AE56F4-3A8E-4F8D-8B28-0DB94A0668BD}.Release|TwinCAT CE7 (ARMV7).ActiveCfg = Release|TwinCAT CE7 (ARMV7)
		{A9AE56F4-3A8E-4F8D-8B28-0DB94A0668BD}.Release|TwinCAT CE7 (ARMV7).Build.0 = Release|TwinCAT CE7 (ARMV7)
		{A9AE56F4-3A8E-4F8D-8B28-0DB94A0668BD}.Release|TwinCAT RT (x64).ActiveCfg = Release|TwinCAT RT (x64)
		{A9AE56F4-3A8E-4F8D-8B28-0DB94A0668BD}.Release|TwinCAT RT (x64).Build.0 = Release|TwinCAT RT (x64)
		{A9AE56F4-3A8E-4F8D-8B28-0DB94A0668BD}.Release|TwinCAT RT (x86).ActiveCfg = Release|TwinCAT RT (x86)
		{A9AE56F4-3A8E-4F8D-8B28-0DB94A0668BD}.Release|TwinCAT RT (x86).Build.0 = Release|TwinCAT RT (x86)
		{B2BDAB4B-8F48-4A7F-9BA7-AA75DD567AA2}.Debug|TwinCAT CE7 (ARMV7).ActiveCfg = Debug|TwinCAT CE7 (ARMV7)
		{B2BDAB4B-8F48-4A7F-9BA7-AA75DD567AA2}.Debug|TwinCAT CE7 (ARMV7).Build.0 = Debug|TwinCAT CE7 (ARMV7)
		{B2BDAB4B-8F48-4A7F-9BA7-AA75DD567AA2}.Debug|TwinCAT RT (x64).ActiveCfg = Debug|TwinCAT RT (x64)
		{B2BDAB4B-8F48-4A7F-9BA7-AA75DD567AA2}.Debug|TwinCAT RT (x64).Build.0 = Debug|TwinCAT RT (x64)
		{B2BDAB4B-8F48-4A7F-9BA7-AA75DD567AA2}.Debug|TwinCAT RT (x86).ActiveCfg = Debug|TwinCAT RT (x86)
		{B2BDAB4B-8F48-4A7F-9BA7-AA75DD567AA2}.Debug|TwinCAT RT (x86).Build.0 = Debug|TwinCAT RT (x86)
		{B2BDAB4B-8F48-4A7F-9BA7-AA75DD567AA2}.Release|TwinCAT CE7 (ARMV7).ActiveCfg = Release|TwinCAT CE7 (ARMV7)
		{B2BDAB4B-8F48-4A7F-9BA7-AA75DD567AA2}.Release|TwinCAT CE7 (ARMV7).Build.0 = Release|TwinCAT CE7 (ARMV7)
		{B2BDAB4B-8F48-4A7F-9BA7-AA75DD567AA2}.Release|TwinCAT RT (x64).ActiveCfg = Release|TwinCAT RT (x64)
		{B2BDAB4B-8F48-4A7F-9BA7-AA75DD567AA2}.Release|TwinCAT RT (x64).Build.0 = Release|TwinCAT RT (x64)
		{B2BDAB4B-8F48-4A7F-9BA7-AA75DD567AA2}.Release|TwinCAT RT (x86).ActiveCfg = Release|TwinCAT RT (x86)
		{B2BDAB4B-8F48-4A7F-9BA7-AA75DD567AA2}.Release|TwinCAT RT (x86).Build.0 = Release|TwinCAT RT (x86)
	EndGlobalSection
	GlobalSection(SolutionProperties) = preSolution
		HideSolutionNode = FALSE
	EndGlobalSection
EndGlobal
