
Microsoft Visual Studio Solution File, Format Version 12.00
# Visual Studio 14
VisualStudioVersion = 14.0.25420.1
MinimumVisualStudioVersion = 10.0.40219.1
Project("{B1E792BE-AA5F-4E3C-8C82-674BF9C0715B}") = "IotMqttSampleIbmWatsonIot", "IotMqttSampleIbmWatsonIot\IotMqttSampleIbmWatsonIot.tsproj", "{EEA3A9D4-2D2D-49D2-BD46-0DEF8DE529F1}"
EndProject
Project("{2150E333-8FDC-42A3-9474-1A3956D46DE8}") = "Solution Items", "Solution Items", "{84B34DCF-2E09-4147-A3F5-63AB499FBA1D}"
	ProjectSection(SolutionItems) = preProject
		IotMqttSampleIbmWatsonIot\IotMqttSampleIbmWatsonIot.tszip = IotMqttSampleIbmWatsonIot\IotMqttSampleIbmWatsonIot.tszip
	EndProjectSection
EndProject
Global
	GlobalSection(SolutionConfigurationPlatforms) = preSolution
		Debug|TwinCAT CE7 (ARMV7) = Debug|TwinCAT CE7 (ARMV7)
		Debug|TwinCAT OS (ARMT2) = Debug|TwinCAT OS (ARMT2)
		Debug|TwinCAT RT (x64) = Debug|TwinCAT RT (x64)
		Debug|TwinCAT RT (x86) = Debug|TwinCAT RT (x86)
		Release|TwinCAT CE7 (ARMV7) = Release|TwinCAT CE7 (ARMV7)
		Release|TwinCAT OS (ARMT2) = Release|TwinCAT OS (ARMT2)
		Release|TwinCAT RT (x64) = Release|TwinCAT RT (x64)
		Release|TwinCAT RT (x86) = Release|TwinCAT RT (x86)
	EndGlobalSection
	GlobalSection(ProjectConfigurationPlatforms) = postSolution
		{EEA3A9D4-2D2D-49D2-BD46-0DEF8DE529F1}.Debug|TwinCAT CE7 (ARMV7).ActiveCfg = Debug|TwinCAT CE7 (ARMV7)
		{EEA3A9D4-2D2D-49D2-BD46-0DEF8DE529F1}.Debug|TwinCAT CE7 (ARMV7).Build.0 = Debug|TwinCAT CE7 (ARMV7)
		{EEA3A9D4-2D2D-49D2-BD46-0DEF8DE529F1}.Debug|TwinCAT OS (ARMT2).ActiveCfg = Debug|TwinCAT RT (x86)
		{EEA3A9D4-2D2D-49D2-BD46-0DEF8DE529F1}.Debug|TwinCAT RT (x64).ActiveCfg = Debug|TwinCAT RT (x64)
		{EEA3A9D4-2D2D-49D2-BD46-0DEF8DE529F1}.Debug|TwinCAT RT (x64).Build.0 = Debug|TwinCAT RT (x64)
		{EEA3A9D4-2D2D-49D2-BD46-0DEF8DE529F1}.Debug|TwinCAT RT (x86).ActiveCfg = Debug|TwinCAT RT (x86)
		{EEA3A9D4-2D2D-49D2-BD46-0DEF8DE529F1}.Debug|TwinCAT RT (x86).Build.0 = Debug|TwinCAT RT (x86)
		{EEA3A9D4-2D2D-49D2-BD46-0DEF8DE529F1}.Release|TwinCAT CE7 (ARMV7).ActiveCfg = Release|TwinCAT CE7 (ARMV7)
		{EEA3A9D4-2D2D-49D2-BD46-0DEF8DE529F1}.Release|TwinCAT CE7 (ARMV7).Build.0 = Release|TwinCAT CE7 (ARMV7)
		{EEA3A9D4-2D2D-49D2-BD46-0DEF8DE529F1}.Release|TwinCAT OS (ARMT2).ActiveCfg = Release|TwinCAT RT (x86)
		{EEA3A9D4-2D2D-49D2-BD46-0DEF8DE529F1}.Release|TwinCAT RT (x64).ActiveCfg = Release|TwinCAT RT (x64)
		{EEA3A9D4-2D2D-49D2-BD46-0DEF8DE529F1}.Release|TwinCAT RT (x64).Build.0 = Release|TwinCAT RT (x64)
		{EEA3A9D4-2D2D-49D2-BD46-0DEF8DE529F1}.Release|TwinCAT RT (x86).ActiveCfg = Release|TwinCAT RT (x86)
		{EEA3A9D4-2D2D-49D2-BD46-0DEF8DE529F1}.Release|TwinCAT RT (x86).Build.0 = Release|TwinCAT RT (x86)
		{5504E346-9F15-4C65-B266-A7CCA1F57E39}.Debug|TwinCAT CE7 (ARMV7).ActiveCfg = Debug|TwinCAT CE7 (ARMV7)
		{5504E346-9F15-4C65-B266-A7CCA1F57E39}.Debug|TwinCAT CE7 (ARMV7).Build.0 = Debug|TwinCAT CE7 (ARMV7)
		{5504E346-9F15-4C65-B266-A7CCA1F57E39}.Debug|TwinCAT OS (ARMT2).ActiveCfg = Debug|TwinCAT RT (x86)
		{5504E346-9F15-4C65-B266-A7CCA1F57E39}.Debug|TwinCAT RT (x64).ActiveCfg = Debug|TwinCAT RT (x64)
		{5504E346-9F15-4C65-B266-A7CCA1F57E39}.Debug|TwinCAT RT (x64).Build.0 = Debug|TwinCAT RT (x64)
		{5504E346-9F15-4C65-B266-A7CCA1F57E39}.Debug|TwinCAT RT (x86).ActiveCfg = Debug|TwinCAT RT (x86)
		{5504E346-9F15-4C65-B266-A7CCA1F57E39}.Debug|TwinCAT RT (x86).Build.0 = Debug|TwinCAT RT (x86)
		{5504E346-9F15-4C65-B266-A7CCA1F57E39}.Release|TwinCAT CE7 (ARMV7).ActiveCfg = Release|TwinCAT CE7 (ARMV7)
		{5504E346-9F15-4C65-B266-A7CCA1F57E39}.Release|TwinCAT CE7 (ARMV7).Build.0 = Release|TwinCAT CE7 (ARMV7)
		{5504E346-9F15-4C65-B266-A7CCA1F57E39}.Release|TwinCAT OS (ARMT2).ActiveCfg = Release|TwinCAT RT (x86)
		{5504E346-9F15-4C65-B266-A7CCA1F57E39}.Release|TwinCAT RT (x64).ActiveCfg = Release|TwinCAT RT (x64)
		{5504E346-9F15-4C65-B266-A7CCA1F57E39}.Release|TwinCAT RT (x64).Build.0 = Release|TwinCAT RT (x64)
		{5504E346-9F15-4C65-B266-A7CCA1F57E39}.Release|TwinCAT RT (x86).ActiveCfg = Release|TwinCAT RT (x86)
		{5504E346-9F15-4C65-B266-A7CCA1F57E39}.Release|TwinCAT RT (x86).Build.0 = Release|TwinCAT RT (x86)
	EndGlobalSection
	GlobalSection(SolutionProperties) = preSolution
		HideSolutionNode = FALSE
	EndGlobalSection
	GlobalSection(TeamFoundationVersionControl) = preSolution
		SccNumberOfProjects = 3
		SccEnterpriseProvider = {4CA58AB2-18FA-4F8D-95D4-32DDF27D184C}
		SccTeamFoundationServer = http://nt-teamfd02:8080/tfs/defaultcollection
		SccLocalPath0 = .
		SccProjectUniqueName1 = IotMqttSampleIbmWatsonIot\\IotMqttSampleIbmWatsonIot.tsproj
		SccProjectName1 = IotMqttSampleIbmWatsonIot
		SccLocalPath1 = IotMqttSampleIbmWatsonIot
		SccProjectUniqueName2 = IotMqttSampleIbmWatsonIot\\Plc_IotMqttSampleIbmWatsonIot\\Plc_IotMqttSampleIbmWatsonIot.plcproj
		SccProjectTopLevelParentUniqueName2 = IotMqttSampleIbmWatsonIot\\IotMqttSampleIbmWatsonIot.tsproj
		SccProjectName2 = IotMqttSampleIbmWatsonIot/Plc_IotMqttSampleIbmWatsonIot
		SccLocalPath2 = IotMqttSampleIbmWatsonIot\\Plc_IotMqttSampleIbmWatsonIot
	EndGlobalSection
EndGlobal
